
Microsoft Visual Studio Solution File, Format Version 12.00
# Visual Studio Version 17
VisualStudioVersion = 17.11.35327.3
MinimumVisualStudioVersion = 10.0.40219.1
Project("{FAE04EC0-301F-11D3-BF4B-00C04F79EFBC}") = "WinFormsApp4", "WinFormsApp4\WinFormsApp4.csproj", "{79D85972-5609-4B82-BCD2-4546F9CF23EA}"
EndProject
Global
	GlobalSection(SolutionConfigurationPlatforms) = preSolution
		Debug|Any CPU = Debug|Any CPU
		Release|Any CPU = Release|Any CPU
	EndGlobalSection
	GlobalSection(ProjectConfigurationPlatforms) = postSolution
		{79D85972-5609-4B82-BCD2-4546F9CF23EA}.Debug|Any CPU.ActiveCfg = Debug|Any CPU
		{79D85972-5609-4B82-BCD2-4546F9CF23EA}.Debug|Any CPU.Build.0 = Debug|Any CPU
		{79D85972-5609-4B82-BCD2-4546F9CF23EA}.Release|Any CPU.ActiveCfg = Release|Any CPU
		{79D85972-5609-4B82-BCD2-4546F9CF23EA}.Release|Any CPU.Build.0 = Release|Any CPU
	EndGlobalSection
	GlobalSection(SolutionProperties) = preSolution
		HideSolutionNode = FALSE
	EndGlobalSection
	GlobalSection(ExtensibilityGlobals) = postSolution
		SolutionGuid = {FA2D52D2-7D27-4854-B203-ED23E4C5D622}
	EndGlobalSection
EndGlobal
